{
    "_readme": [
        "This file locks the dependencies of your project to a known state",
        "Read more about it at https://getcomposer.org/doc/01-basic-usage.md#installing-dependencies",
        "This file is @generated automatically"
    ],
    "content-hash": "bee0c8c1149103b756249d252696d0a6",
    "packages": [
        {
            "name": "symfony/requirements-checker",
            "version": "v2.0.1",
            "source": {
                "type": "git",
                "url": "https://github.com/symfony/requirements-checker.git",
                "reference": "cf8893f384348a338157d637e170fe8fb2356016"
            },
            "dist": {
                "type": "zip",
                "url": "https://api.github.com/repos/symfony/requirements-checker/zipball/cf8893f384348a338157d637e170fe8fb2356016",
                "reference": "cf8893f384348a338157d637e170fe8fb2356016",
                "shasum": ""
            },
            "require": {
                "php": ">=5.3.9"
            },
            "bin": [
                "bin/requirements-checker"
            ],
            "type": "library",
            "extra": {
                "branch-alias": {
                    "dev-main": "2.0.x-dev"
                }
            },
            "autoload": {
                "psr-4": {
                    "Symfony\\Requirements\\": "src/"
                }
            },
            "notification-url": "https://packagist.org/downloads/",
            "license": [
                "MIT"
            ],
            "authors": [
                {
                    "name": "Fabien Potencier",
                    "email": "fabien@symfony.com"
                }
            ],
            "description": "Check Symfony requirements and give recommendations",
            "keywords": [
                "configuration",
                "distribution"
            ],
            "support": {
                "issues": "https://github.com/symfony/requirements-checker/issues",
                "source": "https://github.com/symfony/requirements-checker/tree/v2.0.1"
            },
            "funding": [
                {
                    "url": "https://symfony.com/sponsor",
                    "type": "custom"
                },
                {
                    "url": "https://github.com/fabpot",
                    "type": "github"
                },
                {
                    "url": "https://tidelift.com/funding/github/packagist/symfony/symfony",
                    "type": "tidelift"
                }
            ],
            "time": "2021-11-30T16:18:33+00:00"
        }
    ],
    "packages-dev": [],
    "aliases": [],
    "minimum-stability": "stable",
    "stability-flags": [],
    "prefer-stable": false,
    "prefer-lowest": false,
    "platform": [],
    "platform-dev": [],
    "plugin-api-version": "2.3.0"
}
